// !$*UTF8*$!
{
	archiveVersion = 1;
	classes = {
	};
	objectVersion = 48;
	objects = {

/* Begin PBXBuildFile section */
		5555FBD2698F96949E0651D9 /* Pods_EvaVoiceCommands_Intents.framework in Frameworks */ = {isa = PBXBuildFile; fileRef = C751353B34D2A498E7ED0C82 /* Pods_EvaVoiceCommands_Intents.framework */; };
		790C4000DC3898164929ACA3 /* Pods_EvaVoiceCommands_IntentsUI.framework in Frameworks */ = {isa = PBXBuildFile; fileRef = 2693F35FF72DAC1EEED2294D /* Pods_EvaVoiceCommands_IntentsUI.framework */; };
		7BB7CC3F09706ACE8FB7409D /* Pods_EvaVoiceCommands.framework in Frameworks */ = {isa = PBXBuildFile; fileRef = 4F1E3606FC26DA9E514FF5F4 /* Pods_EvaVoiceCommands.framework */; };
		9F00F84E201E0FF500C2F3DD /* MapKit.framework in Frameworks */ = {isa = PBXBuildFile; fileRef = 9F00F84D201E0FF500C2F3DD /* MapKit.framework */; };
		9F00F84F201E100E00C2F3DD /* MapKit.framework in Frameworks */ = {isa = PBXBuildFile; fileRef = 9F00F84D201E0FF500C2F3DD /* MapKit.framework */; };
		9F69848520198B6D00215753 /* AppDelegate.swift in Sources */ = {isa = PBXBuildFile; fileRef = 9F69848420198B6D00215753 /* AppDelegate.swift */; };
		9F69848720198B6D00215753 /* ViewController.swift in Sources */ = {isa = PBXBuildFile; fileRef = 9F69848620198B6D00215753 /* ViewController.swift */; };
		9F69848A20198B6D00215753 /* Main.storyboard in Resources */ = {isa = PBXBuildFile; fileRef = 9F69848820198B6D00215753 /* Main.storyboard */; };
		9F69848C20198B6D00215753 /* Assets.xcassets in Resources */ = {isa = PBXBuildFile; fileRef = 9F69848B20198B6D00215753 /* Assets.xcassets */; };
		9F69848F20198B6D00215753 /* LaunchScreen.storyboard in Resources */ = {isa = PBXBuildFile; fileRef = 9F69848D20198B6D00215753 /* LaunchScreen.storyboard */; };
		9F69849E20198CA800215753 /* IntentHandler.swift in Sources */ = {isa = PBXBuildFile; fileRef = 9F69849D20198CA800215753 /* IntentHandler.swift */; };
		9F6984A720198CA800215753 /* IntentsUI.framework in Frameworks */ = {isa = PBXBuildFile; fileRef = 9F6984A620198CA800215753 /* IntentsUI.framework */; };
		9F6984AA20198CA800215753 /* IntentViewController.swift in Sources */ = {isa = PBXBuildFile; fileRef = 9F6984A920198CA800215753 /* IntentViewController.swift */; };
		9F6984AD20198CA800215753 /* MainInterface.storyboard in Resources */ = {isa = PBXBuildFile; fileRef = 9F6984AB20198CA800215753 /* MainInterface.storyboard */; };
		9F6984B120198CA800215753 /* EvaVoiceCommands-IntentsUI.appex in Embed App Extensions */ = {isa = PBXBuildFile; fileRef = 9F6984A420198CA800215753 /* EvaVoiceCommands-IntentsUI.appex */; settings = {ATTRIBUTES = (RemoveHeadersOnCopy, ); }; };
		9F6984B420198CA800215753 /* EvaVoiceCommands-Intents.appex in Embed App Extensions */ = {isa = PBXBuildFile; fileRef = 9F69849B20198CA800215753 /* EvaVoiceCommands-Intents.appex */; settings = {ATTRIBUTES = (RemoveHeadersOnCopy, ); }; };
		9FE34BC1201E48C500B8B1BA /* Alamofire.framework in Frameworks */ = {isa = PBXBuildFile; fileRef = 9FE34BC2201E48C500B8B1BA /* Alamofire.framework */; settings = {ATTRIBUTES = (Required, ); }; };
		9FE34BC8201E4AB500B8B1BA /* SWRevealViewController.m in Sources */ = {isa = PBXBuildFile; fileRef = 9FE34BC6201E4AB500B8B1BA /* SWRevealViewController.m */; };
		9FE34BCD201E4FA500B8B1BA /* ChatVC.swift in Sources */ = {isa = PBXBuildFile; fileRef = 9FE34BCC201E4FA500B8B1BA /* ChatVC.swift */; };
		9FE34BCF201E4FB000B8B1BA /* ChannelVC.swift in Sources */ = {isa = PBXBuildFile; fileRef = 9FE34BCE201E4FB000B8B1BA /* ChannelVC.swift */; };
		9FE34BD1201E529200B8B1BA /* GradientView.swift in Sources */ = {isa = PBXBuildFile; fileRef = 9FE34BD0201E529200B8B1BA /* GradientView.swift */; };
/* End PBXBuildFile section */

/* Begin PBXContainerItemProxy section */
		9F6984AF20198CA800215753 /* PBXContainerItemProxy */ = {
			isa = PBXContainerItemProxy;
			containerPortal = 9F69847920198B6D00215753 /* Project object */;
			proxyType = 1;
			remoteGlobalIDString = 9F6984A320198CA800215753;
			remoteInfo = "EvaVoiceCommands-IntentsUI";
		};
		9F6984B220198CA800215753 /* PBXContainerItemProxy */ = {
			isa = PBXContainerItemProxy;
			containerPortal = 9F69847920198B6D00215753 /* Project object */;
			proxyType = 1;
			remoteGlobalIDString = 9F69849A20198CA800215753;
			remoteInfo = "EvaVoiceCommands-Intents";
		};
/* End PBXContainerItemProxy section */

/* Begin PBXCopyFilesBuildPhase section */
		9F6984BB20198CA900215753 /* Embed App Extensions */ = {
			isa = PBXCopyFilesBuildPhase;
			buildActionMask = 2147483647;
			dstPath = "";
			dstSubfolderSpec = 13;
			files = (
				9F6984B420198CA800215753 /* EvaVoiceCommands-Intents.appex in Embed App Extensions */,
				9F6984B120198CA800215753 /* EvaVoiceCommands-IntentsUI.appex in Embed App Extensions */,
			);
			name = "Embed App Extensions";
			runOnlyForDeploymentPostprocessing = 0;
		};
/* End PBXCopyFilesBuildPhase section */

/* Begin PBXFileReference section */
		2693F35FF72DAC1EEED2294D /* Pods_EvaVoiceCommands_IntentsUI.framework */ = {isa = PBXFileReference; explicitFileType = wrapper.framework; includeInIndex = 0; path = Pods_EvaVoiceCommands_IntentsUI.framework; sourceTree = BUILT_PRODUCTS_DIR; };
		336383E275935C2C1635DC84 /* Pods-EvaVoiceCommands-Intents.debug.xcconfig */ = {isa = PBXFileReference; includeInIndex = 1; lastKnownFileType = text.xcconfig; name = "Pods-EvaVoiceCommands-Intents.debug.xcconfig"; path = "Pods/Target Support Files/Pods-EvaVoiceCommands-Intents/Pods-EvaVoiceCommands-Intents.debug.xcconfig"; sourceTree = "<group>"; };
		4F06DD9BD61A23444CA16470 /* Pods-EvaVoiceCommands-IntentsUI.debug.xcconfig */ = {isa = PBXFileReference; includeInIndex = 1; lastKnownFileType = text.xcconfig; name = "Pods-EvaVoiceCommands-IntentsUI.debug.xcconfig"; path = "Pods/Target Support Files/Pods-EvaVoiceCommands-IntentsUI/Pods-EvaVoiceCommands-IntentsUI.debug.xcconfig"; sourceTree = "<group>"; };
		4F1E3606FC26DA9E514FF5F4 /* Pods_EvaVoiceCommands.framework */ = {isa = PBXFileReference; explicitFileType = wrapper.framework; includeInIndex = 0; path = Pods_EvaVoiceCommands.framework; sourceTree = BUILT_PRODUCTS_DIR; };
		93997AE3825BA5D3EBC33915 /* Pods-EvaVoiceCommands.release.xcconfig */ = {isa = PBXFileReference; includeInIndex = 1; lastKnownFileType = text.xcconfig; name = "Pods-EvaVoiceCommands.release.xcconfig"; path = "Pods/Target Support Files/Pods-EvaVoiceCommands/Pods-EvaVoiceCommands.release.xcconfig"; sourceTree = "<group>"; };
		9B0928A8E8CF6F73AE8AC9E7 /* Pods-EvaVoiceCommands-IntentsUI.release.xcconfig */ = {isa = PBXFileReference; includeInIndex = 1; lastKnownFileType = text.xcconfig; name = "Pods-EvaVoiceCommands-IntentsUI.release.xcconfig"; path = "Pods/Target Support Files/Pods-EvaVoiceCommands-IntentsUI/Pods-EvaVoiceCommands-IntentsUI.release.xcconfig"; sourceTree = "<group>"; };
		9F00F84D201E0FF500C2F3DD /* MapKit.framework */ = {isa = PBXFileReference; lastKnownFileType = wrapper.framework; name = MapKit.framework; path = System/Library/Frameworks/MapKit.framework; sourceTree = SDKROOT; };
		9F69848120198B6D00215753 /* EvaVoiceCommands.app */ = {isa = PBXFileReference; explicitFileType = wrapper.application; includeInIndex = 0; path = EvaVoiceCommands.app; sourceTree = BUILT_PRODUCTS_DIR; };
		9F69848420198B6D00215753 /* AppDelegate.swift */ = {isa = PBXFileReference; lastKnownFileType = sourcecode.swift; path = AppDelegate.swift; sourceTree = "<group>"; };
		9F69848620198B6D00215753 /* ViewController.swift */ = {isa = PBXFileReference; lastKnownFileType = sourcecode.swift; path = ViewController.swift; sourceTree = "<group>"; };
		9F69848920198B6D00215753 /* Base */ = {isa = PBXFileReference; lastKnownFileType = file.storyboard; name = Base; path = Base.lproj/Main.storyboard; sourceTree = "<group>"; };
		9F69848B20198B6D00215753 /* Assets.xcassets */ = {isa = PBXFileReference; lastKnownFileType = folder.assetcatalog; path = Assets.xcassets; sourceTree = "<group>"; };
		9F69848E20198B6D00215753 /* Base */ = {isa = PBXFileReference; lastKnownFileType = file.storyboard; name = Base; path = Base.lproj/LaunchScreen.storyboard; sourceTree = "<group>"; };
		9F69849020198B6D00215753 /* Info.plist */ = {isa = PBXFileReference; lastKnownFileType = text.plist.xml; path = Info.plist; sourceTree = "<group>"; };
		9F69849620198C4A00215753 /* EvaVoiceCommands.entitlements */ = {isa = PBXFileReference; lastKnownFileType = text.plist.entitlements; path = EvaVoiceCommands.entitlements; sourceTree = "<group>"; };
		9F69849B20198CA800215753 /* EvaVoiceCommands-Intents.appex */ = {isa = PBXFileReference; explicitFileType = "wrapper.app-extension"; includeInIndex = 0; path = "EvaVoiceCommands-Intents.appex"; sourceTree = BUILT_PRODUCTS_DIR; };
		9F69849D20198CA800215753 /* IntentHandler.swift */ = {isa = PBXFileReference; lastKnownFileType = sourcecode.swift; path = IntentHandler.swift; sourceTree = "<group>"; };
		9F69849F20198CA800215753 /* Info.plist */ = {isa = PBXFileReference; lastKnownFileType = text.plist.xml; path = Info.plist; sourceTree = "<group>"; };
		9F6984A420198CA800215753 /* EvaVoiceCommands-IntentsUI.appex */ = {isa = PBXFileReference; explicitFileType = "wrapper.app-extension"; includeInIndex = 0; path = "EvaVoiceCommands-IntentsUI.appex"; sourceTree = BUILT_PRODUCTS_DIR; };
		9F6984A620198CA800215753 /* IntentsUI.framework */ = {isa = PBXFileReference; lastKnownFileType = wrapper.framework; name = IntentsUI.framework; path = System/Library/Frameworks/IntentsUI.framework; sourceTree = SDKROOT; };
		9F6984A920198CA800215753 /* IntentViewController.swift */ = {isa = PBXFileReference; lastKnownFileType = sourcecode.swift; path = IntentViewController.swift; sourceTree = "<group>"; };
		9F6984AC20198CA800215753 /* Base */ = {isa = PBXFileReference; lastKnownFileType = file.storyboard; name = Base; path = Base.lproj/MainInterface.storyboard; sourceTree = "<group>"; };
		9F6984AE20198CA800215753 /* Info.plist */ = {isa = PBXFileReference; lastKnownFileType = text.plist.xml; path = Info.plist; sourceTree = "<group>"; };
		9F6984BC2019939E00215753 /* EvaVoiceCommands-IntentsUI.entitlements */ = {isa = PBXFileReference; lastKnownFileType = text.plist.entitlements; path = "EvaVoiceCommands-IntentsUI.entitlements"; sourceTree = "<group>"; };
		9F6984BD201993B800215753 /* EvaVoiceCommands-Intents.entitlements */ = {isa = PBXFileReference; lastKnownFileType = text.plist.entitlements; path = "EvaVoiceCommands-Intents.entitlements"; sourceTree = "<group>"; };
		9FE34BC2201E48C500B8B1BA /* Alamofire.framework */ = {isa = PBXFileReference; explicitFileType = wrapper.framework; path = Alamofire.framework; sourceTree = BUILT_PRODUCTS_DIR; };
		9FE34BC5201E4AB400B8B1BA /* EvaVoiceCommands-Bridging-Header.h */ = {isa = PBXFileReference; lastKnownFileType = sourcecode.c.h; path = "EvaVoiceCommands-Bridging-Header.h"; sourceTree = "<group>"; };
		9FE34BC6201E4AB500B8B1BA /* SWRevealViewController.m */ = {isa = PBXFileReference; fileEncoding = 4; lastKnownFileType = sourcecode.c.objc; path = SWRevealViewController.m; sourceTree = "<group>"; };
		9FE34BC7201E4AB500B8B1BA /* SWRevealViewController.h */ = {isa = PBXFileReference; fileEncoding = 4; lastKnownFileType = sourcecode.c.h; path = SWRevealViewController.h; sourceTree = "<group>"; };
		9FE34BCC201E4FA500B8B1BA /* ChatVC.swift */ = {isa = PBXFileReference; lastKnownFileType = sourcecode.swift; path = ChatVC.swift; sourceTree = "<group>"; };
		9FE34BCE201E4FB000B8B1BA /* ChannelVC.swift */ = {isa = PBXFileReference; lastKnownFileType = sourcecode.swift; path = ChannelVC.swift; sourceTree = "<group>"; };
		9FE34BD0201E529200B8B1BA /* GradientView.swift */ = {isa = PBXFileReference; lastKnownFileType = sourcecode.swift; path = GradientView.swift; sourceTree = "<group>"; };
		C751353B34D2A498E7ED0C82 /* Pods_EvaVoiceCommands_Intents.framework */ = {isa = PBXFileReference; explicitFileType = wrapper.framework; includeInIndex = 0; path = Pods_EvaVoiceCommands_Intents.framework; sourceTree = BUILT_PRODUCTS_DIR; };
		D0023468221854A938944984 /* Pods-EvaVoiceCommands-Intents.release.xcconfig */ = {isa = PBXFileReference; includeInIndex = 1; lastKnownFileType = text.xcconfig; name = "Pods-EvaVoiceCommands-Intents.release.xcconfig"; path = "Pods/Target Support Files/Pods-EvaVoiceCommands-Intents/Pods-EvaVoiceCommands-Intents.release.xcconfig"; sourceTree = "<group>"; };
		D3ECE76D922F5CF9DC08683D /* Pods-EvaVoiceCommands.debug.xcconfig */ = {isa = PBXFileReference; includeInIndex = 1; lastKnownFileType = text.xcconfig; name = "Pods-EvaVoiceCommands.debug.xcconfig"; path = "Pods/Target Support Files/Pods-EvaVoiceCommands/Pods-EvaVoiceCommands.debug.xcconfig"; sourceTree = "<group>"; };
/* End PBXFileReference section */

/* Begin PBXFrameworksBuildPhase section */
		9F69847E20198B6D00215753 /* Frameworks */ = {
			isa = PBXFrameworksBuildPhase;
			buildActionMask = 2147483647;
			files = (
				9FE34BC1201E48C500B8B1BA /* Alamofire.framework in Frameworks */,
				9F00F84E201E0FF500C2F3DD /* MapKit.framework in Frameworks */,
				7BB7CC3F09706ACE8FB7409D /* Pods_EvaVoiceCommands.framework in Frameworks */,
			);
			runOnlyForDeploymentPostprocessing = 0;
		};
		9F69849820198CA800215753 /* Frameworks */ = {
			isa = PBXFrameworksBuildPhase;
			buildActionMask = 2147483647;
			files = (
				9F00F84F201E100E00C2F3DD /* MapKit.framework in Frameworks */,
				5555FBD2698F96949E0651D9 /* Pods_EvaVoiceCommands_Intents.framework in Frameworks */,
			);
			runOnlyForDeploymentPostprocessing = 0;
		};
		9F6984A120198CA800215753 /* Frameworks */ = {
			isa = PBXFrameworksBuildPhase;
			buildActionMask = 2147483647;
			files = (
				9F6984A720198CA800215753 /* IntentsUI.framework in Frameworks */,
				790C4000DC3898164929ACA3 /* Pods_EvaVoiceCommands_IntentsUI.framework in Frameworks */,
			);
			runOnlyForDeploymentPostprocessing = 0;
		};
/* End PBXFrameworksBuildPhase section */

/* Begin PBXGroup section */
		6F15DE3068E94E80591C166B /* Pods */ = {
			isa = PBXGroup;
			children = (
				D3ECE76D922F5CF9DC08683D /* Pods-EvaVoiceCommands.debug.xcconfig */,
				93997AE3825BA5D3EBC33915 /* Pods-EvaVoiceCommands.release.xcconfig */,
				336383E275935C2C1635DC84 /* Pods-EvaVoiceCommands-Intents.debug.xcconfig */,
				D0023468221854A938944984 /* Pods-EvaVoiceCommands-Intents.release.xcconfig */,
				4F06DD9BD61A23444CA16470 /* Pods-EvaVoiceCommands-IntentsUI.debug.xcconfig */,
				9B0928A8E8CF6F73AE8AC9E7 /* Pods-EvaVoiceCommands-IntentsUI.release.xcconfig */,
			);
			name = Pods;
			sourceTree = "<group>";
		};
		9F69847820198B6D00215753 = {
			isa = PBXGroup;
			children = (
				9F69848320198B6D00215753 /* EvaVoiceCommands */,
				9F69849C20198CA800215753 /* EvaVoiceCommands-Intents */,
				9F6984A820198CA800215753 /* EvaVoiceCommands-IntentsUI */,
				9F6984A520198CA800215753 /* Frameworks */,
				9F69848220198B6D00215753 /* Products */,
				6F15DE3068E94E80591C166B /* Pods */,
			);
			sourceTree = "<group>";
		};
		9F69848220198B6D00215753 /* Products */ = {
			isa = PBXGroup;
			children = (
				9F69848120198B6D00215753 /* EvaVoiceCommands.app */,
				9F69849B20198CA800215753 /* EvaVoiceCommands-Intents.appex */,
				9F6984A420198CA800215753 /* EvaVoiceCommands-IntentsUI.appex */,
			);
			name = Products;
			sourceTree = "<group>";
		};
		9F69848320198B6D00215753 /* EvaVoiceCommands */ = {
			isa = PBXGroup;
			children = (
				9FE34BCB201E4F8A00B8B1BA /* Controller */,
				9FE34BCA201E4F8600B8B1BA /* View */,
				9FE34BC9201E4F7A00B8B1BA /* Model */,
				9F69849620198C4A00215753 /* EvaVoiceCommands.entitlements */,
				9F69848420198B6D00215753 /* AppDelegate.swift */,
				9F69848620198B6D00215753 /* ViewController.swift */,
				9F69848820198B6D00215753 /* Main.storyboard */,
				9F69848B20198B6D00215753 /* Assets.xcassets */,
				9F69848D20198B6D00215753 /* LaunchScreen.storyboard */,
				9F69849020198B6D00215753 /* Info.plist */,
				9FE34BC7201E4AB500B8B1BA /* SWRevealViewController.h */,
				9FE34BC6201E4AB500B8B1BA /* SWRevealViewController.m */,
				9FE34BC5201E4AB400B8B1BA /* EvaVoiceCommands-Bridging-Header.h */,
				9FE34BD0201E529200B8B1BA /* GradientView.swift */,
			);
			path = EvaVoiceCommands;
			sourceTree = "<group>";
		};
		9F69849C20198CA800215753 /* EvaVoiceCommands-Intents */ = {
			isa = PBXGroup;
			children = (
				9F6984BD201993B800215753 /* EvaVoiceCommands-Intents.entitlements */,
				9F69849D20198CA800215753 /* IntentHandler.swift */,
				9F69849F20198CA800215753 /* Info.plist */,
			);
			path = "EvaVoiceCommands-Intents";
			sourceTree = "<group>";
		};
		9F6984A520198CA800215753 /* Frameworks */ = {
			isa = PBXGroup;
			children = (
				9FE34BC2201E48C500B8B1BA /* Alamofire.framework */,
				9F00F84D201E0FF500C2F3DD /* MapKit.framework */,
				9F6984A620198CA800215753 /* IntentsUI.framework */,
				4F1E3606FC26DA9E514FF5F4 /* Pods_EvaVoiceCommands.framework */,
				C751353B34D2A498E7ED0C82 /* Pods_EvaVoiceCommands_Intents.framework */,
				2693F35FF72DAC1EEED2294D /* Pods_EvaVoiceCommands_IntentsUI.framework */,
			);
			name = Frameworks;
			sourceTree = "<group>";
		};
		9F6984A820198CA800215753 /* EvaVoiceCommands-IntentsUI */ = {
			isa = PBXGroup;
			children = (
				9F6984BC2019939E00215753 /* EvaVoiceCommands-IntentsUI.entitlements */,
				9F6984A920198CA800215753 /* IntentViewController.swift */,
				9F6984AB20198CA800215753 /* MainInterface.storyboard */,
				9F6984AE20198CA800215753 /* Info.plist */,
			);
			path = "EvaVoiceCommands-IntentsUI";
			sourceTree = "<group>";
		};
		9FE34BC9201E4F7A00B8B1BA /* Model */ = {
			isa = PBXGroup;
			children = (
			);
			path = Model;
			sourceTree = "<group>";
		};
		9FE34BCA201E4F8600B8B1BA /* View */ = {
			isa = PBXGroup;
			children = (
			);
			path = View;
			sourceTree = "<group>";
		};
		9FE34BCB201E4F8A00B8B1BA /* Controller */ = {
			isa = PBXGroup;
			children = (
				9FE34BCC201E4FA500B8B1BA /* ChatVC.swift */,
				9FE34BCE201E4FB000B8B1BA /* ChannelVC.swift */,
			);
			name = Controller;
			path = "New Group";
			sourceTree = "<group>";
		};
/* End PBXGroup section */

/* Begin PBXNativeTarget section */
		9F69848020198B6D00215753 /* EvaVoiceCommands */ = {
			isa = PBXNativeTarget;
			buildConfigurationList = 9F69849320198B6D00215753 /* Build configuration list for PBXNativeTarget "EvaVoiceCommands" */;
			buildPhases = (
				1EB8CB37AB54942C4265FFA6 /* [CP] Check Pods Manifest.lock */,
				9F69847D20198B6D00215753 /* Sources */,
				9F69847E20198B6D00215753 /* Frameworks */,
				9F69847F20198B6D00215753 /* Resources */,
				9F6984BB20198CA900215753 /* Embed App Extensions */,
				7E11C338D7A29E40F8AD7FC5 /* [CP] Embed Pods Frameworks */,
				A22EC41B3D3B297D96BBBE0D /* [CP] Copy Pods Resources */,
			);
			buildRules = (
			);
			dependencies = (
				9F6984B020198CA800215753 /* PBXTargetDependency */,
				9F6984B320198CA800215753 /* PBXTargetDependency */,
			);
			name = EvaVoiceCommands;
			productName = EvaVoiceCommands;
			productReference = 9F69848120198B6D00215753 /* EvaVoiceCommands.app */;
			productType = "com.apple.product-type.application";
		};
		9F69849A20198CA800215753 /* EvaVoiceCommands-Intents */ = {
			isa = PBXNativeTarget;
			buildConfigurationList = 9F6984B820198CA900215753 /* Build configuration list for PBXNativeTarget "EvaVoiceCommands-Intents" */;
			buildPhases = (
				E7D8CBDA46B82C22769B76E5 /* [CP] Check Pods Manifest.lock */,
				9F69849720198CA800215753 /* Sources */,
				9F69849820198CA800215753 /* Frameworks */,
				9F69849920198CA800215753 /* Resources */,
				189C1C5A94362B0DC797FD16 /* [CP] Copy Pods Resources */,
			);
			buildRules = (
			);
			dependencies = (
			);
			name = "EvaVoiceCommands-Intents";
			productName = "EvaVoiceCommands-Intents";
			productReference = 9F69849B20198CA800215753 /* EvaVoiceCommands-Intents.appex */;
			productType = "com.apple.product-type.app-extension";
		};
		9F6984A320198CA800215753 /* EvaVoiceCommands-IntentsUI */ = {
			isa = PBXNativeTarget;
			buildConfigurationList = 9F6984B520198CA900215753 /* Build configuration list for PBXNativeTarget "EvaVoiceCommands-IntentsUI" */;
			buildPhases = (
				005F1006C6E0A5438386556D /* [CP] Check Pods Manifest.lock */,
				9F6984A020198CA800215753 /* Sources */,
				9F6984A120198CA800215753 /* Frameworks */,
				9F6984A220198CA800215753 /* Resources */,
				7930B6B12BCCBA885F9DCA6B /* [CP] Copy Pods Resources */,
			);
			buildRules = (
			);
			dependencies = (
			);
			name = "EvaVoiceCommands-IntentsUI";
			productName = "EvaVoiceCommands-IntentsUI";
			productReference = 9F6984A420198CA800215753 /* EvaVoiceCommands-IntentsUI.appex */;
			productType = "com.apple.product-type.app-extension";
		};
/* End PBXNativeTarget section */

/* Begin PBXProject section */
		9F69847920198B6D00215753 /* Project object */ = {
			isa = PBXProject;
			attributes = {
				LastSwiftUpdateCheck = 0920;
				LastUpgradeCheck = 0920;
				ORGANIZATIONNAME = "Javid Poornasir";
				TargetAttributes = {
					9F69848020198B6D00215753 = {
						CreatedOnToolsVersion = 9.2;
						LastSwiftMigration = 0920;
						ProvisioningStyle = Manual;
						SystemCapabilities = {
							com.apple.ApplicationGroups.iOS = {
								enabled = 1;
							};
							com.apple.Maps.iOS = {
								enabled = 1;
							};
							com.apple.Siri = {
								enabled = 1;
							};
						};
					};
					9F69849A20198CA800215753 = {
						CreatedOnToolsVersion = 9.2;
						ProvisioningStyle = Manual;
						SystemCapabilities = {
							com.apple.ApplicationGroups.iOS = {
								enabled = 1;
							};
							com.apple.Maps.iOS = {
								enabled = 1;
							};
						};
					};
					9F6984A320198CA800215753 = {
						CreatedOnToolsVersion = 9.2;
						ProvisioningStyle = Automatic;
						SystemCapabilities = {
							com.apple.ApplicationGroups.iOS = {
								enabled = 1;
							};
						};
					};
				};
			};
			buildConfigurationList = 9F69847C20198B6D00215753 /* Build configuration list for PBXProject "EvaVoiceCommands" */;
			compatibilityVersion = "Xcode 8.0";
			developmentRegion = en;
			hasScannedForEncodings = 0;
			knownRegions = (
				en,
				Base,
			);
			mainGroup = 9F69847820198B6D00215753;
			productRefGroup = 9F69848220198B6D00215753 /* Products */;
			projectDirPath = "";
			projectRoot = "";
			targets = (
				9F69848020198B6D00215753 /* EvaVoiceCommands */,
				9F69849A20198CA800215753 /* EvaVoiceCommands-Intents */,
				9F6984A320198CA800215753 /* EvaVoiceCommands-IntentsUI */,
			);
		};
/* End PBXProject section */

/* Begin PBXResourcesBuildPhase section */
		9F69847F20198B6D00215753 /* Resources */ = {
			isa = PBXResourcesBuildPhase;
			buildActionMask = 2147483647;
			files = (
				9F69848F20198B6D00215753 /* LaunchScreen.storyboard in Resources */,
				9F69848C20198B6D00215753 /* Assets.xcassets in Resources */,
				9F69848A20198B6D00215753 /* Main.storyboard in Resources */,
			);
			runOnlyForDeploymentPostprocessing = 0;
		};
		9F69849920198CA800215753 /* Resources */ = {
			isa = PBXResourcesBuildPhase;
			buildActionMask = 2147483647;
			files = (
			);
			runOnlyForDeploymentPostprocessing = 0;
		};
		9F6984A220198CA800215753 /* Resources */ = {
			isa = PBXResourcesBuildPhase;
			buildActionMask = 2147483647;
			files = (
				9F6984AD20198CA800215753 /* MainInterface.storyboard in Resources */,
			);
			runOnlyForDeploymentPostprocessing = 0;
		};
/* End PBXResourcesBuildPhase section */

/* Begin PBXShellScriptBuildPhase section */
		005F1006C6E0A5438386556D /* [CP] Check Pods Manifest.lock */ = {
			isa = PBXShellScriptBuildPhase;
			buildActionMask = 2147483647;
			files = (
			);
			inputPaths = (
				"${PODS_PODFILE_DIR_PATH}/Podfile.lock",
				"${PODS_ROOT}/Manifest.lock",
			);
			name = "[CP] Check Pods Manifest.lock";
			outputPaths = (
				"$(DERIVED_FILE_DIR)/Pods-EvaVoiceCommands-IntentsUI-checkManifestLockResult.txt",
			);
			runOnlyForDeploymentPostprocessing = 0;
			shellPath = /bin/sh;
			shellScript = "diff \"${PODS_PODFILE_DIR_PATH}/Podfile.lock\" \"${PODS_ROOT}/Manifest.lock\" > /dev/null\nif [ $? != 0 ] ; then\n    # print error to STDERR\n    echo \"error: The sandbox is not in sync with the Podfile.lock. Run 'pod install' or update your CocoaPods installation.\" >&2\n    exit 1\nfi\n# This output is used by Xcode 'outputs' to avoid re-running this script phase.\necho \"SUCCESS\" > \"${SCRIPT_OUTPUT_FILE_0}\"\n";
			showEnvVarsInLog = 0;
		};
		189C1C5A94362B0DC797FD16 /* [CP] Copy Pods Resources */ = {
			isa = PBXShellScriptBuildPhase;
			buildActionMask = 2147483647;
			files = (
			);
			inputPaths = (
			);
			name = "[CP] Copy Pods Resources";
			outputPaths = (
			);
			runOnlyForDeploymentPostprocessing = 0;
			shellPath = /bin/sh;
			shellScript = "\"${SRCROOT}/Pods/Target Support Files/Pods-EvaVoiceCommands-Intents/Pods-EvaVoiceCommands-Intents-resources.sh\"\n";
			showEnvVarsInLog = 0;
		};
		1EB8CB37AB54942C4265FFA6 /* [CP] Check Pods Manifest.lock */ = {
			isa = PBXShellScriptBuildPhase;
			buildActionMask = 2147483647;
			files = (
			);
			inputPaths = (
				"${PODS_PODFILE_DIR_PATH}/Podfile.lock",
				"${PODS_ROOT}/Manifest.lock",
			);
			name = "[CP] Check Pods Manifest.lock";
			outputPaths = (
				"$(DERIVED_FILE_DIR)/Pods-EvaVoiceCommands-checkManifestLockResult.txt",
			);
			runOnlyForDeploymentPostprocessing = 0;
			shellPath = /bin/sh;
			shellScript = "diff \"${PODS_PODFILE_DIR_PATH}/Podfile.lock\" \"${PODS_ROOT}/Manifest.lock\" > /dev/null\nif [ $? != 0 ] ; then\n    # print error to STDERR\n    echo \"error: The sandbox is not in sync with the Podfile.lock. Run 'pod install' or update your CocoaPods installation.\" >&2\n    exit 1\nfi\n# This output is used by Xcode 'outputs' to avoid re-running this script phase.\necho \"SUCCESS\" > \"${SCRIPT_OUTPUT_FILE_0}\"\n";
			showEnvVarsInLog = 0;
		};
		7930B6B12BCCBA885F9DCA6B /* [CP] Copy Pods Resources */ = {
			isa = PBXShellScriptBuildPhase;
			buildActionMask = 2147483647;
			files = (
			);
			inputPaths = (
			);
			name = "[CP] Copy Pods Resources";
			outputPaths = (
			);
			runOnlyForDeploymentPostprocessing = 0;
			shellPath = /bin/sh;
			shellScript = "\"${SRCROOT}/Pods/Target Support Files/Pods-EvaVoiceCommands-IntentsUI/Pods-EvaVoiceCommands-IntentsUI-resources.sh\"\n";
			showEnvVarsInLog = 0;
		};
		7E11C338D7A29E40F8AD7FC5 /* [CP] Embed Pods Frameworks */ = {
			isa = PBXShellScriptBuildPhase;
			buildActionMask = 2147483647;
			files = (
			);
			inputPaths = (
				"${SRCROOT}/Pods/Target Support Files/Pods-EvaVoiceCommands/Pods-EvaVoiceCommands-frameworks.sh",
				"${BUILT_PRODUCTS_DIR}/Alamofire/Alamofire.framework",
				"${BUILT_PRODUCTS_DIR}/Braintree/Braintree.framework",
				"${BUILT_PRODUCTS_DIR}/GTMSessionFetcher/GTMSessionFetcher.framework",
				"${BUILT_PRODUCTS_DIR}/GoogleToolboxForMac/GoogleToolboxForMac.framework",
				"${BUILT_PRODUCTS_DIR}/Protobuf/Protobuf.framework",
				"${BUILT_PRODUCTS_DIR}/SDWebImage/SDWebImage.framework",
				"${BUILT_PRODUCTS_DIR}/SVProgressHUD/SVProgressHUD.framework",
				"${BUILT_PRODUCTS_DIR}/Socket.IO-Client-Swift/SocketIO.framework",
				"${BUILT_PRODUCTS_DIR}/Starscream/Starscream.framework",
				"${BUILT_PRODUCTS_DIR}/SwiftDate/SwiftDate.framework",
				"${BUILT_PRODUCTS_DIR}/SwiftKeychainWrapper/SwiftKeychainWrapper.framework",
				"${BUILT_PRODUCTS_DIR}/SwiftyJSON/SwiftyJSON.framework",
				"${BUILT_PRODUCTS_DIR}/UITextField-Navigation/UITextField_Navigation.framework",
				"${BUILT_PRODUCTS_DIR}/VMaskTextField/VMaskTextField.framework",
				"${BUILT_PRODUCTS_DIR}/leveldb-library/leveldb.framework",
				"${BUILT_PRODUCTS_DIR}/nanopb/nanopb.framework",
			);
			name = "[CP] Embed Pods Frameworks";
			outputPaths = (
				"${TARGET_BUILD_DIR}/${FRAMEWORKS_FOLDER_PATH}/Alamofire.framework",
				"${TARGET_BUILD_DIR}/${FRAMEWORKS_FOLDER_PATH}/Braintree.framework",
				"${TARGET_BUILD_DIR}/${FRAMEWORKS_FOLDER_PATH}/GTMSessionFetcher.framework",
				"${TARGET_BUILD_DIR}/${FRAMEWORKS_FOLDER_PATH}/GoogleToolboxForMac.framework",
				"${TARGET_BUILD_DIR}/${FRAMEWORKS_FOLDER_PATH}/Protobuf.framework",
				"${TARGET_BUILD_DIR}/${FRAMEWORKS_FOLDER_PATH}/SDWebImage.framework",
				"${TARGET_BUILD_DIR}/${FRAMEWORKS_FOLDER_PATH}/SVProgressHUD.framework",
				"${TARGET_BUILD_DIR}/${FRAMEWORKS_FOLDER_PATH}/SocketIO.framework",
				"${TARGET_BUILD_DIR}/${FRAMEWORKS_FOLDER_PATH}/Starscream.framework",
				"${TARGET_BUILD_DIR}/${FRAMEWORKS_FOLDER_PATH}/SwiftDate.framework",
				"${TARGET_BUILD_DIR}/${FRAMEWORKS_FOLDER_PATH}/SwiftKeychainWrapper.framework",
				"${TARGET_BUILD_DIR}/${FRAMEWORKS_FOLDER_PATH}/SwiftyJSON.framework",
				"${TARGET_BUILD_DIR}/${FRAMEWORKS_FOLDER_PATH}/UITextField_Navigation.framework",
				"${TARGET_BUILD_DIR}/${FRAMEWORKS_FOLDER_PATH}/VMaskTextField.framework",
				"${TARGET_BUILD_DIR}/${FRAMEWORKS_FOLDER_PATH}/leveldb.framework",
				"${TARGET_BUILD_DIR}/${FRAMEWORKS_FOLDER_PATH}/nanopb.framework",
			);
			runOnlyForDeploymentPostprocessing = 0;
			shellPath = /bin/sh;
			shellScript = "\"${SRCROOT}/Pods/Target Support Files/Pods-EvaVoiceCommands/Pods-EvaVoiceCommands-frameworks.sh\"\n";
			showEnvVarsInLog = 0;
		};
		A22EC41B3D3B297D96BBBE0D /* [CP] Copy Pods Resources */ = {
			isa = PBXShellScriptBuildPhase;
			buildActionMask = 2147483647;
			files = (
			);
			inputPaths = (
				"${SRCROOT}/Pods/Target Support Files/Pods-EvaVoiceCommands/Pods-EvaVoiceCommands-resources.sh",
				"${PODS_ROOT}/GoogleMaps/Maps/Frameworks/GoogleMaps.framework/Resources/GoogleMaps.bundle",
				"${PODS_ROOT}/GooglePlaces/Frameworks/GooglePlaces.framework/Resources/GooglePlaces.bundle",
			);
			name = "[CP] Copy Pods Resources";
			outputPaths = (
				"${TARGET_BUILD_DIR}/${UNLOCALIZED_RESOURCES_FOLDER_PATH}",
			);
			runOnlyForDeploymentPostprocessing = 0;
			shellPath = /bin/sh;
			shellScript = "\"${SRCROOT}/Pods/Target Support Files/Pods-EvaVoiceCommands/Pods-EvaVoiceCommands-resources.sh\"\n";
			showEnvVarsInLog = 0;
		};
		E7D8CBDA46B82C22769B76E5 /* [CP] Check Pods Manifest.lock */ = {
			isa = PBXShellScriptBuildPhase;
			buildActionMask = 2147483647;
			files = (
			);
			inputPaths = (
				"${PODS_PODFILE_DIR_PATH}/Podfile.lock",
				"${PODS_ROOT}/Manifest.lock",
			);
			name = "[CP] Check Pods Manifest.lock";
			outputPaths = (
				"$(DERIVED_FILE_DIR)/Pods-EvaVoiceCommands-Intents-checkManifestLockResult.txt",
			);
			runOnlyForDeploymentPostprocessing = 0;
			shellPath = /bin/sh;
			shellScript = "diff \"${PODS_PODFILE_DIR_PATH}/Podfile.lock\" \"${PODS_ROOT}/Manifest.lock\" > /dev/null\nif [ $? != 0 ] ; then\n    # print error to STDERR\n    echo \"error: The sandbox is not in sync with the Podfile.lock. Run 'pod install' or update your CocoaPods installation.\" >&2\n    exit 1\nfi\n# This output is used by Xcode 'outputs' to avoid re-running this script phase.\necho \"SUCCESS\" > \"${SCRIPT_OUTPUT_FILE_0}\"\n";
			showEnvVarsInLog = 0;
		};
/* End PBXShellScriptBuildPhase section */

/* Begin PBXSourcesBuildPhase section */
		9F69847D20198B6D00215753 /* Sources */ = {
			isa = PBXSourcesBuildPhase;
			buildActionMask = 2147483647;
			files = (
				9FE34BCD201E4FA500B8B1BA /* ChatVC.swift in Sources */,
				9F69848720198B6D00215753 /* ViewController.swift in Sources */,
				9FE34BD1201E529200B8B1BA /* GradientView.swift in Sources */,
				9F69848520198B6D00215753 /* AppDelegate.swift in Sources */,
				9FE34BC8201E4AB500B8B1BA /* SWRevealViewController.m in Sources */,
				9FE34BCF201E4FB000B8B1BA /* ChannelVC.swift in Sources */,
			);
			runOnlyForDeploymentPostprocessing = 0;
		};
		9F69849720198CA800215753 /* Sources */ = {
			isa = PBXSourcesBuildPhase;
			buildActionMask = 2147483647;
			files = (
				9F69849E20198CA800215753 /* IntentHandler.swift in Sources */,
			);
			runOnlyForDeploymentPostprocessing = 0;
		};
		9F6984A020198CA800215753 /* Sources */ = {
			isa = PBXSourcesBuildPhase;
			buildActionMask = 2147483647;
			files = (
				9F6984AA20198CA800215753 /* IntentViewController.swift in Sources */,
			);
			runOnlyForDeploymentPostprocessing = 0;
		};
/* End PBXSourcesBuildPhase section */

/* Begin PBXTargetDependency section */
		9F6984B020198CA800215753 /* PBXTargetDependency */ = {
			isa = PBXTargetDependency;
			target = 9F6984A320198CA800215753 /* EvaVoiceCommands-IntentsUI */;
			targetProxy = 9F6984AF20198CA800215753 /* PBXContainerItemProxy */;
		};
		9F6984B320198CA800215753 /* PBXTargetDependency */ = {
			isa = PBXTargetDependency;
			target = 9F69849A20198CA800215753 /* EvaVoiceCommands-Intents */;
			targetProxy = 9F6984B220198CA800215753 /* PBXContainerItemProxy */;
		};
/* End PBXTargetDependency section */

/* Begin PBXVariantGroup section */
		9F69848820198B6D00215753 /* Main.storyboard */ = {
			isa = PBXVariantGroup;
			children = (
				9F69848920198B6D00215753 /* Base */,
			);
			name = Main.storyboard;
			sourceTree = "<group>";
		};
		9F69848D20198B6D00215753 /* LaunchScreen.storyboard */ = {
			isa = PBXVariantGroup;
			children = (
				9F69848E20198B6D00215753 /* Base */,
			);
			name = LaunchScreen.storyboard;
			sourceTree = "<group>";
		};
		9F6984AB20198CA800215753 /* MainInterface.storyboard */ = {
			isa = PBXVariantGroup;
			children = (
				9F6984AC20198CA800215753 /* Base */,
			);
			name = MainInterface.storyboard;
			sourceTree = "<group>";
		};
/* End PBXVariantGroup section */

/* Begin XCBuildConfiguration section */
		9F69849120198B6D00215753 /* Debug */ = {
			isa = XCBuildConfiguration;
			buildSettings = {
				ALWAYS_SEARCH_USER_PATHS = NO;
				CLANG_ANALYZER_NONNULL = YES;
				CLANG_ANALYZER_NUMBER_OBJECT_CONVERSION = YES_AGGRESSIVE;
				CLANG_CXX_LANGUAGE_STANDARD = "gnu++14";
				CLANG_CXX_LIBRARY = "libc++";
				CLANG_ENABLE_MODULES = YES;
				CLANG_ENABLE_OBJC_ARC = YES;
				CLANG_WARN_BLOCK_CAPTURE_AUTORELEASING = YES;
				CLANG_WARN_BOOL_CONVERSION = YES;
				CLANG_WARN_COMMA = YES;
				CLANG_WARN_CONSTANT_CONVERSION = YES;
				CLANG_WARN_DIRECT_OBJC_ISA_USAGE = YES_ERROR;
				CLANG_WARN_DOCUMENTATION_COMMENTS = YES;
				CLANG_WARN_EMPTY_BODY = YES;
				CLANG_WARN_ENUM_CONVERSION = YES;
				CLANG_WARN_INFINITE_RECURSION = YES;
				CLANG_WARN_INT_CONVERSION = YES;
				CLANG_WARN_NON_LITERAL_NULL_CONVERSION = YES;
				CLANG_WARN_OBJC_LITERAL_CONVERSION = YES;
				CLANG_WARN_OBJC_ROOT_CLASS = YES_ERROR;
				CLANG_WARN_RANGE_LOOP_ANALYSIS = YES;
				CLANG_WARN_STRICT_PROTOTYPES = YES;
				CLANG_WARN_SUSPICIOUS_MOVE = YES;
				CLANG_WARN_UNGUARDED_AVAILABILITY = YES_AGGRESSIVE;
				CLANG_WARN_UNREACHABLE_CODE = YES;
				CLANG_WARN__DUPLICATE_METHOD_MATCH = YES;
				CODE_SIGN_IDENTITY = "iPhone Developer";
				COPY_PHASE_STRIP = NO;
				DEBUG_INFORMATION_FORMAT = dwarf;
				ENABLE_STRICT_OBJC_MSGSEND = YES;
				ENABLE_TESTABILITY = YES;
				GCC_C_LANGUAGE_STANDARD = gnu11;
				GCC_DYNAMIC_NO_PIC = NO;
				GCC_NO_COMMON_BLOCKS = YES;
				GCC_OPTIMIZATION_LEVEL = 0;
				GCC_PREPROCESSOR_DEFINITIONS = (
					"DEBUG=1",
					"$(inherited)",
				);
				GCC_WARN_64_TO_32_BIT_CONVERSION = YES;
				GCC_WARN_ABOUT_RETURN_TYPE = YES_ERROR;
				GCC_WARN_UNDECLARED_SELECTOR = YES;
				GCC_WARN_UNINITIALIZED_AUTOS = YES_AGGRESSIVE;
				GCC_WARN_UNUSED_FUNCTION = YES;
				GCC_WARN_UNUSED_VARIABLE = YES;
				IPHONEOS_DEPLOYMENT_TARGET = 11.2;
				MTL_ENABLE_DEBUG_INFO = YES;
				ONLY_ACTIVE_ARCH = YES;
				SDKROOT = iphoneos;
				SWIFT_ACTIVE_COMPILATION_CONDITIONS = DEBUG;
				SWIFT_OPTIMIZATION_LEVEL = "-Onone";
			};
			name = Debug;
		};
		9F69849220198B6D00215753 /* Release */ = {
			isa = XCBuildConfiguration;
			buildSettings = {
				ALWAYS_SEARCH_USER_PATHS = NO;
				CLANG_ANALYZER_NONNULL = YES;
				CLANG_ANALYZER_NUMBER_OBJECT_CONVERSION = YES_AGGRESSIVE;
				CLANG_CXX_LANGUAGE_STANDARD = "gnu++14";
				CLANG_CXX_LIBRARY = "libc++";
				CLANG_ENABLE_MODULES = YES;
				CLANG_ENABLE_OBJC_ARC = YES;
				CLANG_WARN_BLOCK_CAPTURE_AUTORELEASING = YES;
				CLANG_WARN_BOOL_CONVERSION = YES;
				CLANG_WARN_COMMA = YES;
				CLANG_WARN_CONSTANT_CONVERSION = YES;
				CLANG_WARN_DIRECT_OBJC_ISA_USAGE = YES_ERROR;
				CLANG_WARN_DOCUMENTATION_COMMENTS = YES;
				CLANG_WARN_EMPTY_BODY = YES;
				CLANG_WARN_ENUM_CONVERSION = YES;
				CLANG_WARN_INFINITE_RECURSION = YES;
				CLANG_WARN_INT_CONVERSION = YES;
				CLANG_WARN_NON_LITERAL_NULL_CONVERSION = YES;
				CLANG_WARN_OBJC_LITERAL_CONVERSION = YES;
				CLANG_WARN_OBJC_ROOT_CLASS = YES_ERROR;
				CLANG_WARN_RANGE_LOOP_ANALYSIS = YES;
				CLANG_WARN_STRICT_PROTOTYPES = YES;
				CLANG_WARN_SUSPICIOUS_MOVE = YES;
				CLANG_WARN_UNGUARDED_AVAILABILITY = YES_AGGRESSIVE;
				CLANG_WARN_UNREACHABLE_CODE = YES;
				CLANG_WARN__DUPLICATE_METHOD_MATCH = YES;
				CODE_SIGN_IDENTITY = "iPhone Developer";
				COPY_PHASE_STRIP = NO;
				DEBUG_INFORMATION_FORMAT = "dwarf-with-dsym";
				ENABLE_NS_ASSERTIONS = NO;
				ENABLE_STRICT_OBJC_MSGSEND = YES;
				GCC_C_LANGUAGE_STANDARD = gnu11;
				GCC_NO_COMMON_BLOCKS = YES;
				GCC_WARN_64_TO_32_BIT_CONVERSION = YES;
				GCC_WARN_ABOUT_RETURN_TYPE = YES_ERROR;
				GCC_WARN_UNDECLARED_SELECTOR = YES;
				GCC_WARN_UNINITIALIZED_AUTOS = YES_AGGRESSIVE;
				GCC_WARN_UNUSED_FUNCTION = YES;
				GCC_WARN_UNUSED_VARIABLE = YES;
				IPHONEOS_DEPLOYMENT_TARGET = 11.2;
				MTL_ENABLE_DEBUG_INFO = NO;
				SDKROOT = iphoneos;
				SWIFT_OPTIMIZATION_LEVEL = "-Owholemodule";
				VALIDATE_PRODUCT = YES;
			};
			name = Release;
		};
		9F69849420198B6D00215753 /* Debug */ = {
			isa = XCBuildConfiguration;
			baseConfigurationReference = D3ECE76D922F5CF9DC08683D /* Pods-EvaVoiceCommands.debug.xcconfig */;
			buildSettings = {
				ALWAYS_EMBED_SWIFT_STANDARD_LIBRARIES = YES;
				ASSETCATALOG_COMPILER_APPICON_NAME = AppIcon;
				CLANG_ENABLE_MODULES = YES;
				CODE_SIGN_ENTITLEMENTS = EvaVoiceCommands/EvaVoiceCommands.entitlements;
				CODE_SIGN_STYLE = Manual;
				DEVELOPMENT_TEAM = VWFZU9229C;
				INFOPLIST_FILE = EvaVoiceCommands/Info.plist;
				LD_RUNPATH_SEARCH_PATHS = "$(inherited) @executable_path/Frameworks";
				PRODUCT_BUNDLE_IDENTIFIER = com.cleandev.EvaVoiceCommands;
				PRODUCT_NAME = "$(TARGET_NAME)";
				PROVISIONING_PROFILE = "5746c363-2803-4f27-80a4-9897f4a4e0b0";
				PROVISIONING_PROFILE_SPECIFIER = "EvaVoiceCommands-DEV";
				SWIFT_OBJC_BRIDGING_HEADER = "EvaVoiceCommands/EvaVoiceCommands-Bridging-Header.h";
				SWIFT_OPTIMIZATION_LEVEL = "-Onone";
				SWIFT_VERSION = 4.0;
				TARGETED_DEVICE_FAMILY = "1,2";
			};
			name = Debug;
		};
		9F69849520198B6D00215753 /* Release */ = {
			isa = XCBuildConfiguration;
			baseConfigurationReference = 93997AE3825BA5D3EBC33915 /* Pods-EvaVoiceCommands.release.xcconfig */;
			buildSettings = {
				ALWAYS_EMBED_SWIFT_STANDARD_LIBRARIES = YES;
				ASSETCATALOG_COMPILER_APPICON_NAME = AppIcon;
				CLANG_ENABLE_MODULES = YES;
				CODE_SIGN_ENTITLEMENTS = EvaVoiceCommands/EvaVoiceCommands.entitlements;
				CODE_SIGN_STYLE = Manual;
				DEVELOPMENT_TEAM = VWFZU9229C;
				INFOPLIST_FILE = EvaVoiceCommands/Info.plist;
				LD_RUNPATH_SEARCH_PATHS = "$(inherited) @executable_path/Frameworks";
				PRODUCT_BUNDLE_IDENTIFIER = com.cleandev.EvaVoiceCommands;
				PRODUCT_NAME = "$(TARGET_NAME)";
				PROVISIONING_PROFILE = "5746c363-2803-4f27-80a4-9897f4a4e0b0";
				PROVISIONING_PROFILE_SPECIFIER = "EvaVoiceCommands-DEV";
				SWIFT_OBJC_BRIDGING_HEADER = "EvaVoiceCommands/EvaVoiceCommands-Bridging-Header.h";
				SWIFT_VERSION = 4.0;
				TARGETED_DEVICE_FAMILY = "1,2";
			};
			name = Release;
		};
		9F6984B620198CA900215753 /* Debug */ = {
			isa = XCBuildConfiguration;
			baseConfigurationReference = 4F06DD9BD61A23444CA16470 /* Pods-EvaVoiceCommands-IntentsUI.debug.xcconfig */;
			buildSettings = {
				CODE_SIGN_ENTITLEMENTS = "EvaVoiceCommands-IntentsUI/EvaVoiceCommands-IntentsUI.entitlements";
				CODE_SIGN_STYLE = Automatic;
				DEVELOPMENT_TEAM = VWFZU9229C;
				INFOPLIST_FILE = "EvaVoiceCommands-IntentsUI/Info.plist";
				LD_RUNPATH_SEARCH_PATHS = "$(inherited) @executable_path/Frameworks @executable_path/../../Frameworks";
				PRODUCT_BUNDLE_IDENTIFIER = "com.cleandev.EvaVoiceCommands.EvaVoiceCommands-IntentsUI";
				PRODUCT_NAME = "$(TARGET_NAME)";
				SKIP_INSTALL = YES;
				SWIFT_VERSION = 4.0;
				TARGETED_DEVICE_FAMILY = "1,2";
			};
			name = Debug;
		};
		9F6984B720198CA900215753 /* Release */ = {
			isa = XCBuildConfiguration;
			baseConfigurationReference = 9B0928A8E8CF6F73AE8AC9E7 /* Pods-EvaVoiceCommands-IntentsUI.release.xcconfig */;
			buildSettings = {
				CODE_SIGN_ENTITLEMENTS = "EvaVoiceCommands-IntentsUI/EvaVoiceCommands-IntentsUI.entitlements";
				CODE_SIGN_STYLE = Automatic;
				DEVELOPMENT_TEAM = VWFZU9229C;
				INFOPLIST_FILE = "EvaVoiceCommands-IntentsUI/Info.plist";
				LD_RUNPATH_SEARCH_PATHS = "$(inherited) @executable_path/Frameworks @executable_path/../../Frameworks";
				PRODUCT_BUNDLE_IDENTIFIER = "com.cleandev.EvaVoiceCommands.EvaVoiceCommands-IntentsUI";
				PRODUCT_NAME = "$(TARGET_NAME)";
				SKIP_INSTALL = YES;
				SWIFT_VERSION = 4.0;
				TARGETED_DEVICE_FAMILY = "1,2";
			};
			name = Release;
		};
		9F6984B920198CA900215753 /* Debug */ = {
			isa = XCBuildConfiguration;
			baseConfigurationReference = 336383E275935C2C1635DC84 /* Pods-EvaVoiceCommands-Intents.debug.xcconfig */;
			buildSettings = {
				CODE_SIGN_ENTITLEMENTS = "EvaVoiceCommands-Intents/EvaVoiceCommands-Intents.entitlements";
				CODE_SIGN_STYLE = Manual;
				DEVELOPMENT_TEAM = VWFZU9229C;
				INFOPLIST_FILE = "EvaVoiceCommands-Intents/Info.plist";
				LD_RUNPATH_SEARCH_PATHS = "$(inherited) @executable_path/Frameworks @executable_path/../../Frameworks";
				PRODUCT_BUNDLE_IDENTIFIER = "com.cleandev.EvaVoiceCommands.EvaVoiceCommands-Intents";
				PRODUCT_NAME = "$(TARGET_NAME)";
				PROVISIONING_PROFILE = "d90a6148-2387-49b1-a4bf-f61dfb1a5874";
				PROVISIONING_PROFILE_SPECIFIER = "EvaVoiceCommandsIntents2-DEV";
				SKIP_INSTALL = YES;
				SWIFT_VERSION = 4.0;
				TARGETED_DEVICE_FAMILY = "1,2";
			};
			name = Debug;
		};
		9F6984BA20198CA900215753 /* Release */ = {
			isa = XCBuildConfiguration;
			baseConfigurationReference = D0023468221854A938944984 /* Pods-EvaVoiceCommands-Intents.release.xcconfig */;
			buildSettings = {
				CODE_SIGN_ENTITLEMENTS = "EvaVoiceCommands-Intents/EvaVoiceCommands-Intents.entitlements";
				CODE_SIGN_STYLE = Manual;
				DEVELOPMENT_TEAM = VWFZU9229C;
				INFOPLIST_FILE = "EvaVoiceCommands-Intents/Info.plist";
				LD_RUNPATH_SEARCH_PATHS = "$(inherited) @executable_path/Frameworks @executable_path/../../Frameworks";
				PRODUCT_BUNDLE_IDENTIFIER = "com.cleandev.EvaVoiceCommands.EvaVoiceCommands-Intents";
				PRODUCT_NAME = "$(TARGET_NAME)";
				PROVISIONING_PROFILE = "d90a6148-2387-49b1-a4bf-f61dfb1a5874";
				PROVISIONING_PROFILE_SPECIFIER = "EvaVoiceCommandsIntents2-DEV";
				SKIP_INSTALL = YES;
				SWIFT_VERSION = 4.0;
				TARGETED_DEVICE_FAMILY = "1,2";
			};
			name = Release;
		};
/* End XCBuildConfiguration section */

/* Begin XCConfigurationList section */
		9F69847C20198B6D00215753 /* Build configuration list for PBXProject "EvaVoiceCommands" */ = {
			isa = XCConfigurationList;
			buildConfigurations = (
				9F69849120198B6D00215753 /* Debug */,
				9F69849220198B6D00215753 /* Release */,
			);
			defaultConfigurationIsVisible = 0;
			defaultConfigurationName = Release;
		};
		9F69849320198B6D00215753 /* Build configuration list for PBXNativeTarget "EvaVoiceCommands" */ = {
			isa = XCConfigurationList;
			buildConfigurations = (
				9F69849420198B6D00215753 /* Debug */,
				9F69849520198B6D00215753 /* Release */,
			);
			defaultConfigurationIsVisible = 0;
			defaultConfigurationName = Release;
		};
		9F6984B520198CA900215753 /* Build configuration list for PBXNativeTarget "EvaVoiceCommands-IntentsUI" */ = {
			isa = XCConfigurationList;
			buildConfigurations = (
				9F6984B620198CA900215753 /* Debug */,
				9F6984B720198CA900215753 /* Release */,
			);
			defaultConfigurationIsVisible = 0;
			defaultConfigurationName = Release;
		};
		9F6984B820198CA900215753 /* Build configuration list for PBXNativeTarget "EvaVoiceCommands-Intents" */ = {
			isa = XCConfigurationList;
			buildConfigurations = (
				9F6984B920198CA900215753 /* Debug */,
				9F6984BA20198CA900215753 /* Release */,
			);
			defaultConfigurationIsVisible = 0;
			defaultConfigurationName = Release;
		};
/* End XCConfigurationList section */
	};
	rootObject = 9F69847920198B6D00215753 /* Project object */;
}
